
Microsoft Visual Studio Solution File, Format Version 12.00
# Visual Studio Version 17
VisualStudioVersion = 17.5.002.0
MinimumVisualStudioVersion = 10.0.40219.1
Project("{9A19103F-16F7-4668-BE54-9A1E7A4F7556}") = "Exam", "Exam.csproj", "{00FA06A4-4D7B-4B72-9CE9-931C897F001C}"
EndProject
Global
	GlobalSection(SolutionConfigurationPlatforms) = preSolution
		Debug|Any CPU = Debug|Any CPU
		Release|Any CPU = Release|Any CPU
	EndGlobalSection
	GlobalSection(ProjectConfigurationPlatforms) = postSolution
		{00FA06A4-4D7B-4B72-9CE9-931C897F001C}.Debug|Any CPU.ActiveCfg = Debug|Any CPU
		{00FA06A4-4D7B-4B72-9CE9-931C897F001C}.Debug|Any CPU.Build.0 = Debug|Any CPU
		{00FA06A4-4D7B-4B72-9CE9-931C897F001C}.Release|Any CPU.ActiveCfg = Release|Any CPU
		{00FA06A4-4D7B-4B72-9CE9-931C897F001C}.Release|Any CPU.Build.0 = Release|Any CPU
	EndGlobalSection
	GlobalSection(SolutionProperties) = preSolution
		HideSolutionNode = FALSE
	EndGlobalSection
	GlobalSection(ExtensibilityGlobals) = postSolution
		SolutionGuid = {C64C0631-6157-4C20-ABBB-550DB392C37F}
	EndGlobalSection
EndGlobal
